
Microsoft Visual Studio Solution File, Format Version 12.00
# Visual Studio Version 17
VisualStudioVersion = 17.5.33627.172
MinimumVisualStudioVersion = 10.0.40219.1
Project("{FAE04EC0-301F-11D3-BF4B-00C04F79EFBC}") = "DemoWebAPI", "DemoWebAPI\DemoWebAPI.csproj", "{884B5935-B324-4765-99AB-4C4C621B7DE7}"
EndProject
Global
	GlobalSection(SolutionConfigurationPlatforms) = preSolution
		Debug|Any CPU = Debug|Any CPU
		Release|Any CPU = Release|Any CPU
	EndGlobalSection
	GlobalSection(ProjectConfigurationPlatforms) = postSolution
		{884B5935-B324-4765-99AB-4C4C621B7DE7}.Debug|Any CPU.ActiveCfg = Debug|Any CPU
		{884B5935-B324-4765-99AB-4C4C621B7DE7}.Debug|Any CPU.Build.0 = Debug|Any CPU
		{884B5935-B324-4765-99AB-4C4C621B7DE7}.Release|Any CPU.ActiveCfg = Release|Any CPU
		{884B5935-B324-4765-99AB-4C4C621B7DE7}.Release|Any CPU.Build.0 = Release|Any CPU
	EndGlobalSection
	GlobalSection(SolutionProperties) = preSolution
		HideSolutionNode = FALSE
	EndGlobalSection
	GlobalSection(ExtensibilityGlobals) = postSolution
		SolutionGuid = {94346518-E82B-4A95-892D-28F26CE88980}
	EndGlobalSection
EndGlobal
